
Microsoft Visual Studio Solution File, Format Version 12.00
# Visual Studio Version 16
VisualStudioVersion = 16.0.31321.278
MinimumVisualStudioVersion = 10.0.40219.1
Project("{888888A0-9F3D-457C-B088-3A5042F75D52}") = "try_chess", "try_chess.pyproj", "{D2B615BA-C604-4B63-AABD-022A2CD23C44}"
EndProject
Global
	GlobalSection(SolutionConfigurationPlatforms) = preSolution
		Debug|Any CPU = Debug|Any CPU
		Release|Any CPU = Release|Any CPU
	EndGlobalSection
	GlobalSection(ProjectConfigurationPlatforms) = postSolution
		{D2B615BA-C604-4B63-AABD-022A2CD23C44}.Debug|Any CPU.ActiveCfg = Debug|Any CPU
		{D2B615BA-C604-4B63-AABD-022A2CD23C44}.Release|Any CPU.ActiveCfg = Release|Any CPU
	EndGlobalSection
	GlobalSection(SolutionProperties) = preSolution
		HideSolutionNode = FALSE
	EndGlobalSection
	GlobalSection(ExtensibilityGlobals) = postSolution
		SolutionGuid = {43E8FAC2-968D-4143-8553-CC4F5B1D2543}
	EndGlobalSection
EndGlobal
